Microsoft Visual Studio Solution File, Format Version 12.00
# Visual Studio Version 17
VisualStudioVersion = 17.5.2.0
MinimumVisualStudioVersion = 10.0.40219.1
Project("{FAE04EC0-301F-11D3-BF4B-00C04F79EFBC}") = "sistemadealunos", "sistemadealunos\sistemadealunos.csproj", "{C5928B5A-6837-1F90-0D5F-54BDED876E1A}"
EndProject
Global
	GlobalSection(SolutionConfigurationPlatforms) = preSolution
		Debug|Any CPU = Debug|Any CPU
		Release|Any CPU = Release|Any CPU
	EndGlobalSection
	GlobalSection(ProjectConfigurationPlatforms) = postSolution
		{C5928B5A-6837-1F90-0D5F-54BDED876E1A}.Debug|Any CPU.ActiveCfg = Debug|Any CPU
		{C5928B5A-6837-1F90-0D5F-54BDED876E1A}.Debug|Any CPU.Build.0 = Debug|Any CPU
		{C5928B5A-6837-1F90-0D5F-54BDED876E1A}.Release|Any CPU.ActiveCfg = Release|Any CPU
		{C5928B5A-6837-1F90-0D5F-54BDED876E1A}.Release|Any CPU.Build.0 = Release|Any CPU
	EndGlobalSection
	GlobalSection(SolutionProperties) = preSolution
		HideSolutionNode = FALSE
	EndGlobalSection
	GlobalSection(ExtensibilityGlobals) = postSolution
		SolutionGuid = {B9C10E54-8D21-42AA-AE44-277EC7CCA418}
	EndGlobalSection
EndGlobal
